
Microsoft Visual Studio Solution File, Format Version 12.00
# Visual Studio Version 16
VisualStudioVersion = 16.0.29418.71
MinimumVisualStudioVersion = 10.0.40219.1
Project("{FAE04EC0-301F-11D3-BF4B-00C04F79EFBC}") = "Common", "Common\Common.csproj", "{5A57143D-3CE3-439B-AB79-E43D1953F4E3}"
EndProject
Project("{FAE04EC0-301F-11D3-BF4B-00C04F79EFBC}") = "Logging", "Logging\Logging.csproj", "{C0A7AAD2-1981-4195-90B3-9F633086D369}"
EndProject
Project("{FAE04EC0-301F-11D3-BF4B-00C04F79EFBC}") = "Database", "Database\Database.csproj", "{6EAA90B4-69BD-4694-8981-C0735442AE19}"
EndProject
Project("{FAE04EC0-301F-11D3-BF4B-00C04F79EFBC}") = "AutoExtracterAsync", "AutoExtracterAsync\AutoExtracterAsync.csproj", "{AB20394B-417F-4953-BAAC-E4299E1B0B3C}"
EndProject
Project("{FAE04EC0-301F-11D3-BF4B-00C04F79EFBC}") = "AutoParser", "AutoParser\AutoParser.csproj", "{5760D237-F240-4BE1-BE12-1649D17B2A00}"
EndProject
Project("{FAE04EC0-301F-11D3-BF4B-00C04F79EFBC}") = "PrancingTurtle", "PrancingTurtle\PrancingTurtle.csproj", "{7303CFD1-CE63-413F-BDB5-83C3011F2062}"
EndProject
Project("{FAE04EC0-301F-11D3-BF4B-00C04F79EFBC}") = "DiscordLogger", "DiscordLogger\DiscordLogger.csproj", "{DBA68D57-A685-47CF-94BD-CB0ED33D3A44}"
EndProject
Project("{2150E333-8FDC-42A3-9474-1A3956D46DE8}") = "Microservices", "Microservices", "{EA0C4C25-A2E3-4D75-AA04-10F36E441A25}"
EndProject
Project("{FAE04EC0-301F-11D3-BF4B-00C04F79EFBC}") = "LogParserConcept", "LogParserConcept\LogParserConcept.csproj", "{582A7C2C-7805-42D0-981F-68CE8B1DE35C}"
EndProject
Global
	GlobalSection(SolutionConfigurationPlatforms) = preSolution
		Debug|Any CPU = Debug|Any CPU
		Release|Any CPU = Release|Any CPU
	EndGlobalSection
	GlobalSection(ProjectConfigurationPlatforms) = postSolution
		{5A57143D-3CE3-439B-AB79-E43D1953F4E3}.Debug|Any CPU.ActiveCfg = Debug|Any CPU
		{5A57143D-3CE3-439B-AB79-E43D1953F4E3}.Debug|Any CPU.Build.0 = Debug|Any CPU
		{5A57143D-3CE3-439B-AB79-E43D1953F4E3}.Release|Any CPU.ActiveCfg = Release|Any CPU
		{5A57143D-3CE3-439B-AB79-E43D1953F4E3}.Release|Any CPU.Build.0 = Release|Any CPU
		{C0A7AAD2-1981-4195-90B3-9F633086D369}.Debug|Any CPU.ActiveCfg = Debug|Any CPU
		{C0A7AAD2-1981-4195-90B3-9F633086D369}.Debug|Any CPU.Build.0 = Debug|Any CPU
		{C0A7AAD2-1981-4195-90B3-9F633086D369}.Release|Any CPU.ActiveCfg = Release|Any CPU
		{C0A7AAD2-1981-4195-90B3-9F633086D369}.Release|Any CPU.Build.0 = Release|Any CPU
		{6EAA90B4-69BD-4694-8981-C0735442AE19}.Debug|Any CPU.ActiveCfg = Debug|Any CPU
		{6EAA90B4-69BD-4694-8981-C0735442AE19}.Debug|Any CPU.Build.0 = Debug|Any CPU
		{6EAA90B4-69BD-4694-8981-C0735442AE19}.Release|Any CPU.ActiveCfg = Release|Any CPU
		{6EAA90B4-69BD-4694-8981-C0735442AE19}.Release|Any CPU.Build.0 = Release|Any CPU
		{AB20394B-417F-4953-BAAC-E4299E1B0B3C}.Debug|Any CPU.ActiveCfg = Debug|Any CPU
		{AB20394B-417F-4953-BAAC-E4299E1B0B3C}.Debug|Any CPU.Build.0 = Debug|Any CPU
		{AB20394B-417F-4953-BAAC-E4299E1B0B3C}.Release|Any CPU.ActiveCfg = Release|Any CPU
		{AB20394B-417F-4953-BAAC-E4299E1B0B3C}.Release|Any CPU.Build.0 = Release|Any CPU
		{5760D237-F240-4BE1-BE12-1649D17B2A00}.Debug|Any CPU.ActiveCfg = Debug|Any CPU
		{5760D237-F240-4BE1-BE12-1649D17B2A00}.Debug|Any CPU.Build.0 = Debug|Any CPU
		{5760D237-F240-4BE1-BE12-1649D17B2A00}.Release|Any CPU.ActiveCfg = Release|Any CPU
		{5760D237-F240-4BE1-BE12-1649D17B2A00}.Release|Any CPU.Build.0 = Release|Any CPU
		{7303CFD1-CE63-413F-BDB5-83C3011F2062}.Debug|Any CPU.ActiveCfg = Debug|Any CPU
		{7303CFD1-CE63-413F-BDB5-83C3011F2062}.Debug|Any CPU.Build.0 = Debug|Any CPU
		{7303CFD1-CE63-413F-BDB5-83C3011F2062}.Release|Any CPU.ActiveCfg = Release|Any CPU
		{7303CFD1-CE63-413F-BDB5-83C3011F2062}.Release|Any CPU.Build.0 = Release|Any CPU
		{DBA68D57-A685-47CF-94BD-CB0ED33D3A44}.Debug|Any CPU.ActiveCfg = Debug|Any CPU
		{DBA68D57-A685-47CF-94BD-CB0ED33D3A44}.Debug|Any CPU.Build.0 = Debug|Any CPU
		{DBA68D57-A685-47CF-94BD-CB0ED33D3A44}.Release|Any CPU.ActiveCfg = Release|Any CPU
		{DBA68D57-A685-47CF-94BD-CB0ED33D3A44}.Release|Any CPU.Build.0 = Release|Any CPU
		{582A7C2C-7805-42D0-981F-68CE8B1DE35C}.Debug|Any CPU.ActiveCfg = Debug|Any CPU
		{582A7C2C-7805-42D0-981F-68CE8B1DE35C}.Debug|Any CPU.Build.0 = Debug|Any CPU
		{582A7C2C-7805-42D0-981F-68CE8B1DE35C}.Release|Any CPU.ActiveCfg = Release|Any CPU
		{582A7C2C-7805-42D0-981F-68CE8B1DE35C}.Release|Any CPU.Build.0 = Release|Any CPU
	EndGlobalSection
	GlobalSection(SolutionProperties) = preSolution
		HideSolutionNode = FALSE
	EndGlobalSection
	GlobalSection(NestedProjects) = preSolution
		{582A7C2C-7805-42D0-981F-68CE8B1DE35C} = {EA0C4C25-A2E3-4D75-AA04-10F36E441A25}
	EndGlobalSection
	GlobalSection(ExtensibilityGlobals) = postSolution
		SolutionGuid = {87F77D46-6F63-48EB-A0DA-C9E871D5EE3F}
	EndGlobalSection
EndGlobal
